
Microsoft Visual Studio Solution File, Format Version 12.00
# Visual Studio Version 17
VisualStudioVersion = 17.5.33414.496
MinimumVisualStudioVersion = 10.0.40219.1
Project("{9A19103F-16F7-4668-BE54-9A1E7A4F7556}") = "PPW", "PPW\PPW.csproj", "{764E54A2-79C5-4835-993D-B2494A5A66AE}"
EndProject
Project("{9A19103F-16F7-4668-BE54-9A1E7A4F7556}") = "API", "API\API.csproj", "{6F2D049C-76AA-4135-8AA5-65888CFC3443}"
EndProject
Project("{FAE04EC0-301F-11D3-BF4B-00C04F79EFBC}") = "Modelos", "Modelos\Modelos.csproj", "{6DCC3ADC-CBFD-421F-A054-0824A68B9414}"
EndProject
Global
	GlobalSection(SolutionConfigurationPlatforms) = preSolution
		Debug|Any CPU = Debug|Any CPU
		Release|Any CPU = Release|Any CPU
	EndGlobalSection
	GlobalSection(ProjectConfigurationPlatforms) = postSolution
		{764E54A2-79C5-4835-993D-B2494A5A66AE}.Debug|Any CPU.ActiveCfg = Debug|Any CPU
		{764E54A2-79C5-4835-993D-B2494A5A66AE}.Debug|Any CPU.Build.0 = Debug|Any CPU
		{764E54A2-79C5-4835-993D-B2494A5A66AE}.Release|Any CPU.ActiveCfg = Release|Any CPU
		{764E54A2-79C5-4835-993D-B2494A5A66AE}.Release|Any CPU.Build.0 = Release|Any CPU
		{6F2D049C-76AA-4135-8AA5-65888CFC3443}.Debug|Any CPU.ActiveCfg = Debug|Any CPU
		{6F2D049C-76AA-4135-8AA5-65888CFC3443}.Debug|Any CPU.Build.0 = Debug|Any CPU
		{6F2D049C-76AA-4135-8AA5-65888CFC3443}.Release|Any CPU.ActiveCfg = Release|Any CPU
		{6F2D049C-76AA-4135-8AA5-65888CFC3443}.Release|Any CPU.Build.0 = Release|Any CPU
		{6DCC3ADC-CBFD-421F-A054-0824A68B9414}.Debug|Any CPU.ActiveCfg = Debug|Any CPU
		{6DCC3ADC-CBFD-421F-A054-0824A68B9414}.Debug|Any CPU.Build.0 = Debug|Any CPU
		{6DCC3ADC-CBFD-421F-A054-0824A68B9414}.Release|Any CPU.ActiveCfg = Release|Any CPU
		{6DCC3ADC-CBFD-421F-A054-0824A68B9414}.Release|Any CPU.Build.0 = Release|Any CPU
	EndGlobalSection
	GlobalSection(SolutionProperties) = preSolution
		HideSolutionNode = FALSE
	EndGlobalSection
	GlobalSection(ExtensibilityGlobals) = postSolution
		SolutionGuid = {BD98E3AA-5B78-4730-B5B5-7C0FDC056F67}
	EndGlobalSection
EndGlobal
