
Microsoft Visual Studio Solution File, Format Version 12.00
# Visual Studio Version 17
VisualStudioVersion = 17.5.33414.496
MinimumVisualStudioVersion = 10.0.40219.1
Project("{9A19103F-16F7-4668-BE54-9A1E7A4F7556}") = "PPW", "PPW\PPW.csproj", "{452BAF06-98F1-407E-BBBB-4E228D0A1A88}"
EndProject
Project("{FAE04EC0-301F-11D3-BF4B-00C04F79EFBC}") = "API", "API\API.csproj", "{F7320CF7-7656-4DF4-8DD0-89012BA10062}"
	ProjectSection(ProjectDependencies) = postProject
		{452BAF06-98F1-407E-BBBB-4E228D0A1A88} = {452BAF06-98F1-407E-BBBB-4E228D0A1A88}
	EndProjectSection
EndProject
Global
	GlobalSection(SolutionConfigurationPlatforms) = preSolution
		Debug|Any CPU = Debug|Any CPU
		Release|Any CPU = Release|Any CPU
	EndGlobalSection
	GlobalSection(ProjectConfigurationPlatforms) = postSolution
		{452BAF06-98F1-407E-BBBB-4E228D0A1A88}.Debug|Any CPU.ActiveCfg = Debug|Any CPU
		{452BAF06-98F1-407E-BBBB-4E228D0A1A88}.Debug|Any CPU.Build.0 = Debug|Any CPU
		{452BAF06-98F1-407E-BBBB-4E228D0A1A88}.Release|Any CPU.ActiveCfg = Release|Any CPU
		{452BAF06-98F1-407E-BBBB-4E228D0A1A88}.Release|Any CPU.Build.0 = Release|Any CPU
		{F7320CF7-7656-4DF4-8DD0-89012BA10062}.Debug|Any CPU.ActiveCfg = Debug|Any CPU
		{F7320CF7-7656-4DF4-8DD0-89012BA10062}.Debug|Any CPU.Build.0 = Debug|Any CPU
		{F7320CF7-7656-4DF4-8DD0-89012BA10062}.Release|Any CPU.ActiveCfg = Release|Any CPU
		{F7320CF7-7656-4DF4-8DD0-89012BA10062}.Release|Any CPU.Build.0 = Release|Any CPU
	EndGlobalSection
	GlobalSection(SolutionProperties) = preSolution
		HideSolutionNode = FALSE
	EndGlobalSection
	GlobalSection(ExtensibilityGlobals) = postSolution
		SolutionGuid = {D819FFE9-6E28-4AE6-8279-BB4983C4680B}
	EndGlobalSection
EndGlobal
